
Microsoft Visual Studio Solution File, Format Version 12.00
# Visual Studio Version 17
VisualStudioVersion = 17.3.32825.248
MinimumVisualStudioVersion = 10.0.40219.1
Project("{9A19103F-16F7-4668-BE54-9A1E7A4F7556}") = "GMP.DataAccess", "GMP.DataAccess\GMP.DataAccess.csproj", "{C7D0CBC6-5F24-4348-9426-21F8AB217271}"
EndProject
Project("{9A19103F-16F7-4668-BE54-9A1E7A4F7556}") = "GMP.IntegrationTests", "GMP.IntegrationTests\GMP.IntegrationTests.csproj", "{D5C26AFF-266B-4B2A-AF58-1B64FD26E1FB}"
EndProject
Project("{9A19103F-16F7-4668-BE54-9A1E7A4F7556}") = "GMP.Models", "GMP.Models\GMP.Models.csproj", "{50EAFEAA-BCF7-4C59-955B-65180B1FF3DC}"
EndProject
Project("{9A19103F-16F7-4668-BE54-9A1E7A4F7556}") = "GMP.Utility", "GMP.Utility\GMP.Utility.csproj", "{D4207EE0-333C-4579-9B40-F5593CFCF3B0}"
EndProject
Project("{9A19103F-16F7-4668-BE54-9A1E7A4F7556}") = "GMP.WebApp", "GMP.WEB\GMP.WebApp.csproj", "{C6AABD37-1DC2-4A1B-A365-35EE68CA839F}"
EndProject
Global
	GlobalSection(SolutionConfigurationPlatforms) = preSolution
		Debug|Any CPU = Debug|Any CPU
		Release|Any CPU = Release|Any CPU
	EndGlobalSection
	GlobalSection(ProjectConfigurationPlatforms) = postSolution
		{C7D0CBC6-5F24-4348-9426-21F8AB217271}.Debug|Any CPU.ActiveCfg = Debug|Any CPU
		{C7D0CBC6-5F24-4348-9426-21F8AB217271}.Debug|Any CPU.Build.0 = Debug|Any CPU
		{C7D0CBC6-5F24-4348-9426-21F8AB217271}.Release|Any CPU.ActiveCfg = Release|Any CPU
		{C7D0CBC6-5F24-4348-9426-21F8AB217271}.Release|Any CPU.Build.0 = Release|Any CPU
		{D5C26AFF-266B-4B2A-AF58-1B64FD26E1FB}.Debug|Any CPU.ActiveCfg = Debug|Any CPU
		{D5C26AFF-266B-4B2A-AF58-1B64FD26E1FB}.Debug|Any CPU.Build.0 = Debug|Any CPU
		{D5C26AFF-266B-4B2A-AF58-1B64FD26E1FB}.Release|Any CPU.ActiveCfg = Release|Any CPU
		{D5C26AFF-266B-4B2A-AF58-1B64FD26E1FB}.Release|Any CPU.Build.0 = Release|Any CPU
		{50EAFEAA-BCF7-4C59-955B-65180B1FF3DC}.Debug|Any CPU.ActiveCfg = Debug|Any CPU
		{50EAFEAA-BCF7-4C59-955B-65180B1FF3DC}.Debug|Any CPU.Build.0 = Debug|Any CPU
		{50EAFEAA-BCF7-4C59-955B-65180B1FF3DC}.Release|Any CPU.ActiveCfg = Release|Any CPU
		{50EAFEAA-BCF7-4C59-955B-65180B1FF3DC}.Release|Any CPU.Build.0 = Release|Any CPU
		{D4207EE0-333C-4579-9B40-F5593CFCF3B0}.Debug|Any CPU.ActiveCfg = Debug|Any CPU
		{D4207EE0-333C-4579-9B40-F5593CFCF3B0}.Debug|Any CPU.Build.0 = Debug|Any CPU
		{D4207EE0-333C-4579-9B40-F5593CFCF3B0}.Release|Any CPU.ActiveCfg = Release|Any CPU
		{D4207EE0-333C-4579-9B40-F5593CFCF3B0}.Release|Any CPU.Build.0 = Release|Any CPU
		{C6AABD37-1DC2-4A1B-A365-35EE68CA839F}.Debug|Any CPU.ActiveCfg = Debug|Any CPU
		{C6AABD37-1DC2-4A1B-A365-35EE68CA839F}.Debug|Any CPU.Build.0 = Debug|Any CPU
		{C6AABD37-1DC2-4A1B-A365-35EE68CA839F}.Release|Any CPU.ActiveCfg = Release|Any CPU
		{C6AABD37-1DC2-4A1B-A365-35EE68CA839F}.Release|Any CPU.Build.0 = Release|Any CPU
	EndGlobalSection
	GlobalSection(SolutionProperties) = preSolution
		HideSolutionNode = FALSE
	EndGlobalSection
	GlobalSection(ExtensibilityGlobals) = postSolution
		SolutionGuid = {6D12BD02-D9CA-47B9-855B-1C89292D6F4C}
	EndGlobalSection
EndGlobal
